// !$*UTF8*$!
{
	archiveVersion = 1;
	classes = {
	};
	objectVersion = 50;
	objects = {

/* Begin PBXBuildFile section */
		B1FD1962B760396AE9242EC0 /* Pods_gs_weather_ios.framework in Frameworks */ = {isa = PBXBuildFile; fileRef = EA6F5200E8A81CFD2A0A1F7A /* Pods_gs_weather_ios.framework */; };
		B867128520879CB3005E8A5B /* AppDelegate.swift in Sources */ = {isa = PBXBuildFile; fileRef = B867128420879CB3005E8A5B /* AppDelegate.swift */; };
		B867128C20879CB3005E8A5B /* Assets.xcassets in Resources */ = {isa = PBXBuildFile; fileRef = B867128B20879CB3005E8A5B /* Assets.xcassets */; };
		B867128F20879CB3005E8A5B /* LaunchScreen.storyboard in Resources */ = {isa = PBXBuildFile; fileRef = B867128D20879CB3005E8A5B /* LaunchScreen.storyboard */; };
		B867129A20879CB3005E8A5B /* gs_weather_iosTests.swift in Sources */ = {isa = PBXBuildFile; fileRef = B867129920879CB3005E8A5B /* gs_weather_iosTests.swift */; };
		B86712AA2087B7C9005E8A5B /* WeatherItem.swift in Sources */ = {isa = PBXBuildFile; fileRef = B86712A92087B7C9005E8A5B /* WeatherItem.swift */; };
		B86712AE2087B90C005E8A5B /* WeatherItemView.swift in Sources */ = {isa = PBXBuildFile; fileRef = B86712AD2087B90C005E8A5B /* WeatherItemView.swift */; };
		B86712B02087B918005E8A5B /* WeatherItemView.xib in Resources */ = {isa = PBXBuildFile; fileRef = B86712AF2087B918005E8A5B /* WeatherItemView.xib */; };
		B86712B22087BFE5005E8A5B /* WeatherPageViewController.swift in Sources */ = {isa = PBXBuildFile; fileRef = B86712B12087BFE5005E8A5B /* WeatherPageViewController.swift */; };
		B86712B42087CBE4005E8A5B /* WeatherItemViewController.swift in Sources */ = {isa = PBXBuildFile; fileRef = B86712B32087CBE4005E8A5B /* WeatherItemViewController.swift */; };
		B86712B92087DE22005E8A5B /* UIImage.swift in Sources */ = {isa = PBXBuildFile; fileRef = B86712B82087DE22005E8A5B /* UIImage.swift */; };
		B86712BB2087E067005E8A5B /* Api.swift in Sources */ = {isa = PBXBuildFile; fileRef = B86712BA2087E067005E8A5B /* Api.swift */; };
		B86712BE2087E3D3005E8A5B /* WeatherItemViewTest.swift in Sources */ = {isa = PBXBuildFile; fileRef = B86712BD2087E3D3005E8A5B /* WeatherItemViewTest.swift */; };
		B86712C12087EA50005E8A5B /* LoadingViewController.swift in Sources */ = {isa = PBXBuildFile; fileRef = B86712C02087EA50005E8A5B /* LoadingViewController.swift */; };
		B86712C32087F049005E8A5B /* Loading.xib in Resources */ = {isa = PBXBuildFile; fileRef = B86712C22087F049005E8A5B /* Loading.xib */; };
/* End PBXBuildFile section */

/* Begin PBXContainerItemProxy section */
		B867129620879CB3005E8A5B /* PBXContainerItemProxy */ = {
			isa = PBXContainerItemProxy;
			containerPortal = B867127920879CB3005E8A5B /* Project object */;
			proxyType = 1;
			remoteGlobalIDString = B867128020879CB3005E8A5B;
			remoteInfo = "gs-weather-ios";
		};
/* End PBXContainerItemProxy section */

/* Begin PBXFileReference section */
		1F4E9775D78E524A82EE9C0C /* Pods-gs-weather-ios.release.xcconfig */ = {isa = PBXFileReference; includeInIndex = 1; lastKnownFileType = text.xcconfig; name = "Pods-gs-weather-ios.release.xcconfig"; path = "Pods/Target Support Files/Pods-gs-weather-ios/Pods-gs-weather-ios.release.xcconfig"; sourceTree = "<group>"; };
		B867128120879CB3005E8A5B /* gs-weather-ios.app */ = {isa = PBXFileReference; explicitFileType = wrapper.application; includeInIndex = 0; path = "gs-weather-ios.app"; sourceTree = BUILT_PRODUCTS_DIR; };
		B867128420879CB3005E8A5B /* AppDelegate.swift */ = {isa = PBXFileReference; lastKnownFileType = sourcecode.swift; path = AppDelegate.swift; sourceTree = "<group>"; };
		B867128B20879CB3005E8A5B /* Assets.xcassets */ = {isa = PBXFileReference; lastKnownFileType = folder.assetcatalog; path = Assets.xcassets; sourceTree = "<group>"; };
		B867128E20879CB3005E8A5B /* Base */ = {isa = PBXFileReference; lastKnownFileType = file.storyboard; name = Base; path = Base.lproj/LaunchScreen.storyboard; sourceTree = "<group>"; };
		B867129020879CB3005E8A5B /* Info.plist */ = {isa = PBXFileReference; lastKnownFileType = text.plist.xml; path = Info.plist; sourceTree = "<group>"; };
		B867129520879CB3005E8A5B /* gs-weather-iosTests.xctest */ = {isa = PBXFileReference; explicitFileType = wrapper.cfbundle; includeInIndex = 0; path = "gs-weather-iosTests.xctest"; sourceTree = BUILT_PRODUCTS_DIR; };
		B867129920879CB3005E8A5B /* gs_weather_iosTests.swift */ = {isa = PBXFileReference; lastKnownFileType = sourcecode.swift; path = gs_weather_iosTests.swift; sourceTree = "<group>"; };
		B867129B20879CB3005E8A5B /* Info.plist */ = {isa = PBXFileReference; lastKnownFileType = text.plist.xml; path = Info.plist; sourceTree = "<group>"; };
		B86712A92087B7C9005E8A5B /* WeatherItem.swift */ = {isa = PBXFileReference; lastKnownFileType = sourcecode.swift; path = WeatherItem.swift; sourceTree = "<group>"; };
		B86712AD2087B90C005E8A5B /* WeatherItemView.swift */ = {isa = PBXFileReference; lastKnownFileType = sourcecode.swift; path = WeatherItemView.swift; sourceTree = "<group>"; };
		B86712AF2087B918005E8A5B /* WeatherItemView.xib */ = {isa = PBXFileReference; lastKnownFileType = file.xib; path = WeatherItemView.xib; sourceTree = "<group>"; };
		B86712B12087BFE5005E8A5B /* WeatherPageViewController.swift */ = {isa = PBXFileReference; lastKnownFileType = sourcecode.swift; name = WeatherPageViewController.swift; path = "gs-weather-ios/Screens/WeatherPageViewController.swift"; sourceTree = SOURCE_ROOT; };
		B86712B32087CBE4005E8A5B /* WeatherItemViewController.swift */ = {isa = PBXFileReference; lastKnownFileType = sourcecode.swift; path = WeatherItemViewController.swift; sourceTree = "<group>"; };
		B86712B82087DE22005E8A5B /* UIImage.swift */ = {isa = PBXFileReference; lastKnownFileType = sourcecode.swift; path = UIImage.swift; sourceTree = "<group>"; };
		B86712BA2087E067005E8A5B /* Api.swift */ = {isa = PBXFileReference; lastKnownFileType = sourcecode.swift; path = Api.swift; sourceTree = "<group>"; };
		B86712BD2087E3D3005E8A5B /* WeatherItemViewTest.swift */ = {isa = PBXFileReference; lastKnownFileType = sourcecode.swift; path = WeatherItemViewTest.swift; sourceTree = "<group>"; };
		B86712C02087EA50005E8A5B /* LoadingViewController.swift */ = {isa = PBXFileReference; lastKnownFileType = sourcecode.swift; path = LoadingViewController.swift; sourceTree = "<group>"; };
		B86712C22087F049005E8A5B /* Loading.xib */ = {isa = PBXFileReference; lastKnownFileType = file.xib; path = Loading.xib; sourceTree = "<group>"; };
		EA6F5200E8A81CFD2A0A1F7A /* Pods_gs_weather_ios.framework */ = {isa = PBXFileReference; explicitFileType = wrapper.framework; includeInIndex = 0; path = Pods_gs_weather_ios.framework; sourceTree = BUILT_PRODUCTS_DIR; };
		FE0C1B4F43973D04FC17CEDF /* Pods-gs-weather-ios.debug.xcconfig */ = {isa = PBXFileReference; includeInIndex = 1; lastKnownFileType = text.xcconfig; name = "Pods-gs-weather-ios.debug.xcconfig"; path = "Pods/Target Support Files/Pods-gs-weather-ios/Pods-gs-weather-ios.debug.xcconfig"; sourceTree = "<group>"; };
/* End PBXFileReference section */

/* Begin PBXFrameworksBuildPhase section */
		B867127E20879CB3005E8A5B /* Frameworks */ = {
			isa = PBXFrameworksBuildPhase;
			buildActionMask = 2147483647;
			files = (
				B1FD1962B760396AE9242EC0 /* Pods_gs_weather_ios.framework in Frameworks */,
			);
			runOnlyForDeploymentPostprocessing = 0;
		};
		B867129220879CB3005E8A5B /* Frameworks */ = {
			isa = PBXFrameworksBuildPhase;
			buildActionMask = 2147483647;
			files = (
			);
			runOnlyForDeploymentPostprocessing = 0;
		};
/* End PBXFrameworksBuildPhase section */

/* Begin PBXGroup section */
		507E4E0199728D23F6A1E778 /* Frameworks */ = {
			isa = PBXGroup;
			children = (
				EA6F5200E8A81CFD2A0A1F7A /* Pods_gs_weather_ios.framework */,
			);
			name = Frameworks;
			sourceTree = "<group>";
		};
		B867127820879CB3005E8A5B = {
			isa = PBXGroup;
			children = (
				B867128320879CB3005E8A5B /* gs-weather-ios */,
				B867129820879CB3005E8A5B /* gs-weather-iosTests */,
				B867128220879CB3005E8A5B /* Products */,
				E8B09798785DA41995393C67 /* Pods */,
				507E4E0199728D23F6A1E778 /* Frameworks */,
			);
			sourceTree = "<group>";
		};
		B867128220879CB3005E8A5B /* Products */ = {
			isa = PBXGroup;
			children = (
				B867128120879CB3005E8A5B /* gs-weather-ios.app */,
				B867129520879CB3005E8A5B /* gs-weather-iosTests.xctest */,
			);
			name = Products;
			sourceTree = "<group>";
		};
		B867128320879CB3005E8A5B /* gs-weather-ios */ = {
			isa = PBXGroup;
			children = (
				B86712A52087A07E005E8A5B /* Components */,
				B86712A42087A077005E8A5B /* Screens */,
				B86712A62087A085005E8A5B /* Services */,
				B86712A72087A08C005E8A5B /* SupportingFiles */,
				B86712B72087DE11005E8A5B /* Helpers */,
				B867129020879CB3005E8A5B /* Info.plist */,
			);
			path = "gs-weather-ios";
			sourceTree = "<group>";
		};
		B867129820879CB3005E8A5B /* gs-weather-iosTests */ = {
			isa = PBXGroup;
			children = (
				B86712BC2087E356005E8A5B /* components */,
				B867129920879CB3005E8A5B /* gs_weather_iosTests.swift */,
				B867129B20879CB3005E8A5B /* Info.plist */,
			);
			path = "gs-weather-iosTests";
			sourceTree = "<group>";
		};
		B86712A42087A077005E8A5B /* Screens */ = {
			isa = PBXGroup;
			children = (
				B86712B12087BFE5005E8A5B /* WeatherPageViewController.swift */,
				B86712C02087EA50005E8A5B /* LoadingViewController.swift */,
				B86712C22087F049005E8A5B /* Loading.xib */,
				B86712B32087CBE4005E8A5B /* WeatherItemViewController.swift */,
			);
			path = Screens;
			sourceTree = "<group>";
		};
		B86712A52087A07E005E8A5B /* Components */ = {
			isa = PBXGroup;
			children = (
				B86712A82087B78F005E8A5B /* WeatherItem */,
			);
			path = Components;
			sourceTree = "<group>";
		};
		B86712A62087A085005E8A5B /* Services */ = {
			isa = PBXGroup;
			children = (
				B86712BA2087E067005E8A5B /* Api.swift */,
			);
			path = Services;
			sourceTree = "<group>";
		};
		B86712A72087A08C005E8A5B /* SupportingFiles */ = {
			isa = PBXGroup;
			children = (
				B867128B20879CB3005E8A5B /* Assets.xcassets */,
				B867128420879CB3005E8A5B /* AppDelegate.swift */,
				B867128D20879CB3005E8A5B /* LaunchScreen.storyboard */,
			);
			path = SupportingFiles;
			sourceTree = "<group>";
		};
		B86712A82087B78F005E8A5B /* WeatherItem */ = {
			isa = PBXGroup;
			children = (
				B86712A92087B7C9005E8A5B /* WeatherItem.swift */,
				B86712AD2087B90C005E8A5B /* WeatherItemView.swift */,
				B86712AF2087B918005E8A5B /* WeatherItemView.xib */,
			);
			path = WeatherItem;
			sourceTree = "<group>";
		};
		B86712B72087DE11005E8A5B /* Helpers */ = {
			isa = PBXGroup;
			children = (
				B86712B82087DE22005E8A5B /* UIImage.swift */,
			);
			path = Helpers;
			sourceTree = "<group>";
		};
		B86712BC2087E356005E8A5B /* components */ = {
			isa = PBXGroup;
			children = (
				B86712BF2087E3DF005E8A5B /* WeatherItem */,
			);
			path = components;
			sourceTree = "<group>";
		};
		B86712BF2087E3DF005E8A5B /* WeatherItem */ = {
			isa = PBXGroup;
			children = (
				B86712BD2087E3D3005E8A5B /* WeatherItemViewTest.swift */,
			);
			path = WeatherItem;
			sourceTree = "<group>";
		};
		E8B09798785DA41995393C67 /* Pods */ = {
			isa = PBXGroup;
			children = (
				FE0C1B4F43973D04FC17CEDF /* Pods-gs-weather-ios.debug.xcconfig */,
				1F4E9775D78E524A82EE9C0C /* Pods-gs-weather-ios.release.xcconfig */,
			);
			name = Pods;
			sourceTree = "<group>";
		};
/* End PBXGroup section */

/* Begin PBXNativeTarget section */
		B867128020879CB3005E8A5B /* gs-weather-ios */ = {
			isa = PBXNativeTarget;
			buildConfigurationList = B867129E20879CB3005E8A5B /* Build configuration list for PBXNativeTarget "gs-weather-ios" */;
			buildPhases = (
				6BD8E2AD77952C13B292DC25 /* [CP] Check Pods Manifest.lock */,
				B867127D20879CB3005E8A5B /* Sources */,
				B867127E20879CB3005E8A5B /* Frameworks */,
				B867127F20879CB3005E8A5B /* Resources */,
				C4031E12E590B7E5A64F54B5 /* [CP] Embed Pods Frameworks */,
			);
			buildRules = (
			);
			dependencies = (
			);
			name = "gs-weather-ios";
			productName = "gs-weather-ios";
			productReference = B867128120879CB3005E8A5B /* gs-weather-ios.app */;
			productType = "com.apple.product-type.application";
		};
		B867129420879CB3005E8A5B /* gs-weather-iosTests */ = {
			isa = PBXNativeTarget;
			buildConfigurationList = B86712A120879CB3005E8A5B /* Build configuration list for PBXNativeTarget "gs-weather-iosTests" */;
			buildPhases = (
				B867129120879CB3005E8A5B /* Sources */,
				B867129220879CB3005E8A5B /* Frameworks */,
				B867129320879CB3005E8A5B /* Resources */,
			);
			buildRules = (
			);
			dependencies = (
				B867129720879CB3005E8A5B /* PBXTargetDependency */,
			);
			name = "gs-weather-iosTests";
			productName = "gs-weather-iosTests";
			productReference = B867129520879CB3005E8A5B /* gs-weather-iosTests.xctest */;
			productType = "com.apple.product-type.bundle.unit-test";
		};
/* End PBXNativeTarget section */

/* Begin PBXProject section */
		B867127920879CB3005E8A5B /* Project object */ = {
			isa = PBXProject;
			attributes = {
				LastSwiftUpdateCheck = 0930;
				LastUpgradeCheck = 0930;
				ORGANIZATIONNAME = "Gregory Soloshchenko";
				TargetAttributes = {
					B867128020879CB3005E8A5B = {
						CreatedOnToolsVersion = 9.3;
					};
					B867129420879CB3005E8A5B = {
						CreatedOnToolsVersion = 9.3;
						TestTargetID = B867128020879CB3005E8A5B;
					};
				};
			};
			buildConfigurationList = B867127C20879CB3005E8A5B /* Build configuration list for PBXProject "gs-weather-ios" */;
			compatibilityVersion = "Xcode 9.3";
			developmentRegion = en;
			hasScannedForEncodings = 0;
			knownRegions = (
				en,
				Base,
			);
			mainGroup = B867127820879CB3005E8A5B;
			productRefGroup = B867128220879CB3005E8A5B /* Products */;
			projectDirPath = "";
			projectRoot = "";
			targets = (
				B867128020879CB3005E8A5B /* gs-weather-ios */,
				B867129420879CB3005E8A5B /* gs-weather-iosTests */,
			);
		};
/* End PBXProject section */

/* Begin PBXResourcesBuildPhase section */
		B867127F20879CB3005E8A5B /* Resources */ = {
			isa = PBXResourcesBuildPhase;
			buildActionMask = 2147483647;
			files = (
				B86712C32087F049005E8A5B /* Loading.xib in Resources */,
				B867128F20879CB3005E8A5B /* LaunchScreen.storyboard in Resources */,
				B867128C20879CB3005E8A5B /* Assets.xcassets in Resources */,
				B86712B02087B918005E8A5B /* WeatherItemView.xib in Resources */,
			);
			runOnlyForDeploymentPostprocessing = 0;
		};
		B867129320879CB3005E8A5B /* Resources */ = {
			isa = PBXResourcesBuildPhase;
			buildActionMask = 2147483647;
			files = (
			);
			runOnlyForDeploymentPostprocessing = 0;
		};
/* End PBXResourcesBuildPhase section */

/* Begin PBXShellScriptBuildPhase section */
		6BD8E2AD77952C13B292DC25 /* [CP] Check Pods Manifest.lock */ = {
			isa = PBXShellScriptBuildPhase;
			buildActionMask = 2147483647;
			files = (
			);
			inputPaths = (
				"${PODS_PODFILE_DIR_PATH}/Podfile.lock",
				"${PODS_ROOT}/Manifest.lock",
			);
			name = "[CP] Check Pods Manifest.lock";
			outputPaths = (
				"$(DERIVED_FILE_DIR)/Pods-gs-weather-ios-checkManifestLockResult.txt",
			);
			runOnlyForDeploymentPostprocessing = 0;
			shellPath = /bin/sh;
			shellScript = "diff \"${PODS_PODFILE_DIR_PATH}/Podfile.lock\" \"${PODS_ROOT}/Manifest.lock\" > /dev/null\nif [ $? != 0 ] ; then\n    # print error to STDERR\n    echo \"error: The sandbox is not in sync with the Podfile.lock. Run 'pod install' or update your CocoaPods installation.\" >&2\n    exit 1\nfi\n# This output is used by Xcode 'outputs' to avoid re-running this script phase.\necho \"SUCCESS\" > \"${SCRIPT_OUTPUT_FILE_0}\"\n";
			showEnvVarsInLog = 0;
		};
		C4031E12E590B7E5A64F54B5 /* [CP] Embed Pods Frameworks */ = {
			isa = PBXShellScriptBuildPhase;
			buildActionMask = 2147483647;
			files = (
			);
			inputPaths = (
				"${SRCROOT}/Pods/Target Support Files/Pods-gs-weather-ios/Pods-gs-weather-ios-frameworks.sh",
				"${BUILT_PRODUCTS_DIR}/Alamofire/Alamofire.framework",
				"${BUILT_PRODUCTS_DIR}/SwiftyJSON/SwiftyJSON.framework",
			);
			name = "[CP] Embed Pods Frameworks";
			outputPaths = (
				"${TARGET_BUILD_DIR}/${FRAMEWORKS_FOLDER_PATH}/Alamofire.framework",
				"${TARGET_BUILD_DIR}/${FRAMEWORKS_FOLDER_PATH}/SwiftyJSON.framework",
			);
			runOnlyForDeploymentPostprocessing = 0;
			shellPath = /bin/sh;
			shellScript = "\"${SRCROOT}/Pods/Target Support Files/Pods-gs-weather-ios/Pods-gs-weather-ios-frameworks.sh\"\n";
			showEnvVarsInLog = 0;
		};
/* End PBXShellScriptBuildPhase section */

/* Begin PBXSourcesBuildPhase section */
		B867127D20879CB3005E8A5B /* Sources */ = {
			isa = PBXSourcesBuildPhase;
			buildActionMask = 2147483647;
			files = (
				B867128520879CB3005E8A5B /* AppDelegate.swift in Sources */,
				B86712B92087DE22005E8A5B /* UIImage.swift in Sources */,
				B86712AE2087B90C005E8A5B /* WeatherItemView.swift in Sources */,
				B86712C12087EA50005E8A5B /* LoadingViewController.swift in Sources */,
				B86712B22087BFE5005E8A5B /* WeatherPageViewController.swift in Sources */,
				B86712AA2087B7C9005E8A5B /* WeatherItem.swift in Sources */,
				B86712BB2087E067005E8A5B /* Api.swift in Sources */,
				B86712B42087CBE4005E8A5B /* WeatherItemViewController.swift in Sources */,
			);
			runOnlyForDeploymentPostprocessing = 0;
		};
		B867129120879CB3005E8A5B /* Sources */ = {
			isa = PBXSourcesBuildPhase;
			buildActionMask = 2147483647;
			files = (
				B86712BE2087E3D3005E8A5B /* WeatherItemViewTest.swift in Sources */,
				B867129A20879CB3005E8A5B /* gs_weather_iosTests.swift in Sources */,
			);
			runOnlyForDeploymentPostprocessing = 0;
		};
/* End PBXSourcesBuildPhase section */

/* Begin PBXTargetDependency section */
		B867129720879CB3005E8A5B /* PBXTargetDependency */ = {
			isa = PBXTargetDependency;
			target = B867128020879CB3005E8A5B /* gs-weather-ios */;
			targetProxy = B867129620879CB3005E8A5B /* PBXContainerItemProxy */;
		};
/* End PBXTargetDependency section */

/* Begin PBXVariantGroup section */
		B867128D20879CB3005E8A5B /* LaunchScreen.storyboard */ = {
			isa = PBXVariantGroup;
			children = (
				B867128E20879CB3005E8A5B /* Base */,
			);
			name = LaunchScreen.storyboard;
			sourceTree = "<group>";
		};
/* End PBXVariantGroup section */

/* Begin XCBuildConfiguration section */
		B867129C20879CB3005E8A5B /* Debug */ = {
			isa = XCBuildConfiguration;
			buildSettings = {
				ALWAYS_SEARCH_USER_PATHS = NO;
				CLANG_ANALYZER_NONNULL = YES;
				CLANG_ANALYZER_NUMBER_OBJECT_CONVERSION = YES_AGGRESSIVE;
				CLANG_CXX_LANGUAGE_STANDARD = "gnu++14";
				CLANG_CXX_LIBRARY = "libc++";
				CLANG_ENABLE_MODULES = YES;
				CLANG_ENABLE_OBJC_ARC = YES;
				CLANG_ENABLE_OBJC_WEAK = YES;
				CLANG_WARN_BLOCK_CAPTURE_AUTORELEASING = YES;
				CLANG_WARN_BOOL_CONVERSION = YES;
				CLANG_WARN_COMMA = YES;
				CLANG_WARN_CONSTANT_CONVERSION = YES;
				CLANG_WARN_DEPRECATED_OBJC_IMPLEMENTATIONS = YES;
				CLANG_WARN_DIRECT_OBJC_ISA_USAGE = YES_ERROR;
				CLANG_WARN_DOCUMENTATION_COMMENTS = YES;
				CLANG_WARN_EMPTY_BODY = YES;
				CLANG_WARN_ENUM_CONVERSION = YES;
				CLANG_WARN_INFINITE_RECURSION = YES;
				CLANG_WARN_INT_CONVERSION = YES;
				CLANG_WARN_NON_LITERAL_NULL_CONVERSION = YES;
				CLANG_WARN_OBJC_IMPLICIT_RETAIN_SELF = YES;
				CLANG_WARN_OBJC_LITERAL_CONVERSION = YES;
				CLANG_WARN_OBJC_ROOT_CLASS = YES_ERROR;
				CLANG_WARN_RANGE_LOOP_ANALYSIS = YES;
				CLANG_WARN_STRICT_PROTOTYPES = YES;
				CLANG_WARN_SUSPICIOUS_MOVE = YES;
				CLANG_WARN_UNGUARDED_AVAILABILITY = YES_AGGRESSIVE;
				CLANG_WARN_UNREACHABLE_CODE = YES;
				CLANG_WARN__DUPLICATE_METHOD_MATCH = YES;
				CODE_SIGN_IDENTITY = "iPhone Developer";
				COPY_PHASE_STRIP = NO;
				DEBUG_INFORMATION_FORMAT = dwarf;
				ENABLE_STRICT_OBJC_MSGSEND = YES;
				ENABLE_TESTABILITY = YES;
				GCC_C_LANGUAGE_STANDARD = gnu11;
				GCC_DYNAMIC_NO_PIC = NO;
				GCC_NO_COMMON_BLOCKS = YES;
				GCC_OPTIMIZATION_LEVEL = 0;
				GCC_PREPROCESSOR_DEFINITIONS = (
					"DEBUG=1",
					"$(inherited)",
				);
				GCC_WARN_64_TO_32_BIT_CONVERSION = YES;
				GCC_WARN_ABOUT_RETURN_TYPE = YES_ERROR;
				GCC_WARN_UNDECLARED_SELECTOR = YES;
				GCC_WARN_UNINITIALIZED_AUTOS = YES_AGGRESSIVE;
				GCC_WARN_UNUSED_FUNCTION = YES;
				GCC_WARN_UNUSED_VARIABLE = YES;
				IPHONEOS_DEPLOYMENT_TARGET = 11.3;
				MTL_ENABLE_DEBUG_INFO = YES;
				ONLY_ACTIVE_ARCH = YES;
				SDKROOT = iphoneos;
				SWIFT_ACTIVE_COMPILATION_CONDITIONS = DEBUG;
				SWIFT_OPTIMIZATION_LEVEL = "-Onone";
			};
			name = Debug;
		};
		B867129D20879CB3005E8A5B /* Release */ = {
			isa = XCBuildConfiguration;
			buildSettings = {
				ALWAYS_SEARCH_USER_PATHS = NO;
				CLANG_ANALYZER_NONNULL = YES;
				CLANG_ANALYZER_NUMBER_OBJECT_CONVERSION = YES_AGGRESSIVE;
				CLANG_CXX_LANGUAGE_STANDARD = "gnu++14";
				CLANG_CXX_LIBRARY = "libc++";
				CLANG_ENABLE_MODULES = YES;
				CLANG_ENABLE_OBJC_ARC = YES;
				CLANG_ENABLE_OBJC_WEAK = YES;
				CLANG_WARN_BLOCK_CAPTURE_AUTORELEASING = YES;
				CLANG_WARN_BOOL_CONVERSION = YES;
				CLANG_WARN_COMMA = YES;
				CLANG_WARN_CONSTANT_CONVERSION = YES;
				CLANG_WARN_DEPRECATED_OBJC_IMPLEMENTATIONS = YES;
				CLANG_WARN_DIRECT_OBJC_ISA_USAGE = YES_ERROR;
				CLANG_WARN_DOCUMENTATION_COMMENTS = YES;
				CLANG_WARN_EMPTY_BODY = YES;
				CLANG_WARN_ENUM_CONVERSION = YES;
				CLANG_WARN_INFINITE_RECURSION = YES;
				CLANG_WARN_INT_CONVERSION = YES;
				CLANG_WARN_NON_LITERAL_NULL_CONVERSION = YES;
				CLANG_WARN_OBJC_IMPLICIT_RETAIN_SELF = YES;
				CLANG_WARN_OBJC_LITERAL_CONVERSION = YES;
				CLANG_WARN_OBJC_ROOT_CLASS = YES_ERROR;
				CLANG_WARN_RANGE_LOOP_ANALYSIS = YES;
				CLANG_WARN_STRICT_PROTOTYPES = YES;
				CLANG_WARN_SUSPICIOUS_MOVE = YES;
				CLANG_WARN_UNGUARDED_AVAILABILITY = YES_AGGRESSIVE;
				CLANG_WARN_UNREACHABLE_CODE = YES;
				CLANG_WARN__DUPLICATE_METHOD_MATCH = YES;
				CODE_SIGN_IDENTITY = "iPhone Developer";
				COPY_PHASE_STRIP = NO;
				DEBUG_INFORMATION_FORMAT = "dwarf-with-dsym";
				ENABLE_NS_ASSERTIONS = NO;
				ENABLE_STRICT_OBJC_MSGSEND = YES;
				GCC_C_LANGUAGE_STANDARD = gnu11;
				GCC_NO_COMMON_BLOCKS = YES;
				GCC_WARN_64_TO_32_BIT_CONVERSION = YES;
				GCC_WARN_ABOUT_RETURN_TYPE = YES_ERROR;
				GCC_WARN_UNDECLARED_SELECTOR = YES;
				GCC_WARN_UNINITIALIZED_AUTOS = YES_AGGRESSIVE;
				GCC_WARN_UNUSED_FUNCTION = YES;
				GCC_WARN_UNUSED_VARIABLE = YES;
				IPHONEOS_DEPLOYMENT_TARGET = 11.3;
				MTL_ENABLE_DEBUG_INFO = NO;
				SDKROOT = iphoneos;
				SWIFT_COMPILATION_MODE = wholemodule;
				SWIFT_OPTIMIZATION_LEVEL = "-O";
				VALIDATE_PRODUCT = YES;
			};
			name = Release;
		};
		B867129F20879CB3005E8A5B /* Debug */ = {
			isa = XCBuildConfiguration;
			baseConfigurationReference = FE0C1B4F43973D04FC17CEDF /* Pods-gs-weather-ios.debug.xcconfig */;
			buildSettings = {
				ASSETCATALOG_COMPILER_APPICON_NAME = AppIcon;
				CODE_SIGN_STYLE = Automatic;
				DEVELOPMENT_TEAM = 47FWUEP5C9;
				INFOPLIST_FILE = "gs-weather-ios/Info.plist";
				LD_RUNPATH_SEARCH_PATHS = "$(inherited) @executable_path/Frameworks";
				PRODUCT_BUNDLE_IDENTIFIER = "gs.gs-weather-ios";
				PRODUCT_NAME = "$(TARGET_NAME)";
				SWIFT_VERSION = 4.0;
				TARGETED_DEVICE_FAMILY = 1;
			};
			name = Debug;
		};
		B86712A020879CB3005E8A5B /* Release */ = {
			isa = XCBuildConfiguration;
			baseConfigurationReference = 1F4E9775D78E524A82EE9C0C /* Pods-gs-weather-ios.release.xcconfig */;
			buildSettings = {
				ASSETCATALOG_COMPILER_APPICON_NAME = AppIcon;
				CODE_SIGN_STYLE = Automatic;
				DEVELOPMENT_TEAM = 47FWUEP5C9;
				INFOPLIST_FILE = "gs-weather-ios/Info.plist";
				LD_RUNPATH_SEARCH_PATHS = "$(inherited) @executable_path/Frameworks";
				PRODUCT_BUNDLE_IDENTIFIER = "gs.gs-weather-ios";
				PRODUCT_NAME = "$(TARGET_NAME)";
				SWIFT_VERSION = 4.0;
				TARGETED_DEVICE_FAMILY = 1;
			};
			name = Release;
		};
		B86712A220879CB3005E8A5B /* Debug */ = {
			isa = XCBuildConfiguration;
			buildSettings = {
				ALWAYS_EMBED_SWIFT_STANDARD_LIBRARIES = YES;
				BUNDLE_LOADER = "$(TEST_HOST)";
				CODE_SIGN_STYLE = Automatic;
				DEVELOPMENT_TEAM = 47FWUEP5C9;
				INFOPLIST_FILE = "gs-weather-iosTests/Info.plist";
				LD_RUNPATH_SEARCH_PATHS = "$(inherited) @executable_path/Frameworks @loader_path/Frameworks";
				PRODUCT_BUNDLE_IDENTIFIER = "gs.gs-weather-iosTests";
				PRODUCT_NAME = "$(TARGET_NAME)";
				SWIFT_VERSION = 4.0;
				TARGETED_DEVICE_FAMILY = "1,2";
				TEST_HOST = "$(BUILT_PRODUCTS_DIR)/gs-weather-ios.app/gs-weather-ios";
			};
			name = Debug;
		};
		B86712A320879CB3005E8A5B /* Release */ = {
			isa = XCBuildConfiguration;
			buildSettings = {
				ALWAYS_EMBED_SWIFT_STANDARD_LIBRARIES = YES;
				BUNDLE_LOADER = "$(TEST_HOST)";
				CODE_SIGN_STYLE = Automatic;
				DEVELOPMENT_TEAM = 47FWUEP5C9;
				INFOPLIST_FILE = "gs-weather-iosTests/Info.plist";
				LD_RUNPATH_SEARCH_PATHS = "$(inherited) @executable_path/Frameworks @loader_path/Frameworks";
				PRODUCT_BUNDLE_IDENTIFIER = "gs.gs-weather-iosTests";
				PRODUCT_NAME = "$(TARGET_NAME)";
				SWIFT_VERSION = 4.0;
				TARGETED_DEVICE_FAMILY = "1,2";
				TEST_HOST = "$(BUILT_PRODUCTS_DIR)/gs-weather-ios.app/gs-weather-ios";
			};
			name = Release;
		};
/* End XCBuildConfiguration section */

/* Begin XCConfigurationList section */
		B867127C20879CB3005E8A5B /* Build configuration list for PBXProject "gs-weather-ios" */ = {
			isa = XCConfigurationList;
			buildConfigurations = (
				B867129C20879CB3005E8A5B /* Debug */,
				B867129D20879CB3005E8A5B /* Release */,
			);
			defaultConfigurationIsVisible = 0;
			defaultConfigurationName = Release;
		};
		B867129E20879CB3005E8A5B /* Build configuration list for PBXNativeTarget "gs-weather-ios" */ = {
			isa = XCConfigurationList;
			buildConfigurations = (
				B867129F20879CB3005E8A5B /* Debug */,
				B86712A020879CB3005E8A5B /* Release */,
			);
			defaultConfigurationIsVisible = 0;
			defaultConfigurationName = Release;
		};
		B86712A120879CB3005E8A5B /* Build configuration list for PBXNativeTarget "gs-weather-iosTests" */ = {
			isa = XCConfigurationList;
			buildConfigurations = (
				B86712A220879CB3005E8A5B /* Debug */,
				B86712A320879CB3005E8A5B /* Release */,
			);
			defaultConfigurationIsVisible = 0;
			defaultConfigurationName = Release;
		};
/* End XCConfigurationList section */
	};
	rootObject = B867127920879CB3005E8A5B /* Project object */;
}
